
Microsoft Visual Studio Solution File, Format Version 11.00
# Visual Studio 2010
# SharpDevelop 5.1
Project("{FAE04EC0-301F-11D3-BF4B-00C04F79EFBC}") = "Proy_herramientasForm", "Proy_herramientasForm\Proy_herramientasForm.csproj", "{7DC66D4E-BDF0-4508-843F-7F655805C318}"
EndProject
Global
	GlobalSection(SolutionConfigurationPlatforms) = preSolution
		Debug|Any CPU = Debug|Any CPU
		Release|Any CPU = Release|Any CPU
	EndGlobalSection
	GlobalSection(ProjectConfigurationPlatforms) = postSolution
		{7DC66D4E-BDF0-4508-843F-7F655805C318}.Debug|Any CPU.ActiveCfg = Debug|Any CPU
		{7DC66D4E-BDF0-4508-843F-7F655805C318}.Debug|Any CPU.Build.0 = Debug|Any CPU
		{7DC66D4E-BDF0-4508-843F-7F655805C318}.Release|Any CPU.ActiveCfg = Release|Any CPU
		{7DC66D4E-BDF0-4508-843F-7F655805C318}.Release|Any CPU.Build.0 = Release|Any CPU
	EndGlobalSection
EndGlobal
